// !$*UTF8*$!
{
	archiveVersion = 1;
	classes = {
	};
	objectVersion = 50;
	objects = {

/* Begin PBXBuildFile section */
		33FE36602231CF6E00897E60 /* AppDelegate.swift in Sources */ = {isa = PBXBuildFile; fileRef = 33FE365F2231CF6E00897E60 /* AppDelegate.swift */; };
		33FE36652231CF6E00897E60 /* Main.storyboard in Resources */ = {isa = PBXBuildFile; fileRef = 33FE36632231CF6E00897E60 /* Main.storyboard */; };
		33FE36672231CF7000897E60 /* Assets.xcassets in Resources */ = {isa = PBXBuildFile; fileRef = 33FE36662231CF7000897E60 /* Assets.xcassets */; };
		33FE366A2231CF7000897E60 /* LaunchScreen.storyboard in Resources */ = {isa = PBXBuildFile; fileRef = 33FE36682231CF7000897E60 /* LaunchScreen.storyboard */; };
		33FE36752231CF7100897E60 /* ColorsTests.swift in Sources */ = {isa = PBXBuildFile; fileRef = 33FE36742231CF7100897E60 /* ColorsTests.swift */; };
		33FE36802231CF7100897E60 /* ColorsUITests.swift in Sources */ = {isa = PBXBuildFile; fileRef = 33FE367F2231CF7100897E60 /* ColorsUITests.swift */; };
		33FE368E2231DA0F00897E60 /* ColorsViewController.swift in Sources */ = {isa = PBXBuildFile; fileRef = 33FE368D2231DA0F00897E60 /* ColorsViewController.swift */; };
		33FE36902231E34100897E60 /* Color.swift in Sources */ = {isa = PBXBuildFile; fileRef = 33FE368F2231E34100897E60 /* Color.swift */; };
/* End PBXBuildFile section */

/* Begin PBXContainerItemProxy section */
		33FE36712231CF7100897E60 /* PBXContainerItemProxy */ = {
			isa = PBXContainerItemProxy;
			containerPortal = 33FE36542231CF6E00897E60 /* Project object */;
			proxyType = 1;
			remoteGlobalIDString = 33FE365B2231CF6E00897E60;
			remoteInfo = Colors;
		};
		33FE367C2231CF7100897E60 /* PBXContainerItemProxy */ = {
			isa = PBXContainerItemProxy;
			containerPortal = 33FE36542231CF6E00897E60 /* Project object */;
			proxyType = 1;
			remoteGlobalIDString = 33FE365B2231CF6E00897E60;
			remoteInfo = Colors;
		};
/* End PBXContainerItemProxy section */

/* Begin PBXFileReference section */
		33FE365C2231CF6E00897E60 /* Colors.app */ = {isa = PBXFileReference; explicitFileType = wrapper.application; includeInIndex = 0; path = Colors.app; sourceTree = BUILT_PRODUCTS_DIR; };
		33FE365F2231CF6E00897E60 /* AppDelegate.swift */ = {isa = PBXFileReference; lastKnownFileType = sourcecode.swift; path = AppDelegate.swift; sourceTree = "<group>"; };
		33FE36642231CF6E00897E60 /* Base */ = {isa = PBXFileReference; lastKnownFileType = file.storyboard; name = Base; path = Base.lproj/Main.storyboard; sourceTree = "<group>"; };
		33FE36662231CF7000897E60 /* Assets.xcassets */ = {isa = PBXFileReference; lastKnownFileType = folder.assetcatalog; path = Assets.xcassets; sourceTree = "<group>"; };
		33FE36692231CF7000897E60 /* Base */ = {isa = PBXFileReference; lastKnownFileType = file.storyboard; name = Base; path = Base.lproj/LaunchScreen.storyboard; sourceTree = "<group>"; };
		33FE366B2231CF7000897E60 /* Info.plist */ = {isa = PBXFileReference; lastKnownFileType = text.plist.xml; path = Info.plist; sourceTree = "<group>"; };
		33FE36702231CF7100897E60 /* ColorsTests.xctest */ = {isa = PBXFileReference; explicitFileType = wrapper.cfbundle; includeInIndex = 0; path = ColorsTests.xctest; sourceTree = BUILT_PRODUCTS_DIR; };
		33FE36742231CF7100897E60 /* ColorsTests.swift */ = {isa = PBXFileReference; lastKnownFileType = sourcecode.swift; path = ColorsTests.swift; sourceTree = "<group>"; };
		33FE36762231CF7100897E60 /* Info.plist */ = {isa = PBXFileReference; lastKnownFileType = text.plist.xml; path = Info.plist; sourceTree = "<group>"; };
		33FE367B2231CF7100897E60 /* ColorsUITests.xctest */ = {isa = PBXFileReference; explicitFileType = wrapper.cfbundle; includeInIndex = 0; path = ColorsUITests.xctest; sourceTree = BUILT_PRODUCTS_DIR; };
		33FE367F2231CF7100897E60 /* ColorsUITests.swift */ = {isa = PBXFileReference; lastKnownFileType = sourcecode.swift; path = ColorsUITests.swift; sourceTree = "<group>"; };
		33FE36812231CF7100897E60 /* Info.plist */ = {isa = PBXFileReference; lastKnownFileType = text.plist.xml; path = Info.plist; sourceTree = "<group>"; };
		33FE368D2231DA0F00897E60 /* ColorsViewController.swift */ = {isa = PBXFileReference; lastKnownFileType = sourcecode.swift; path = ColorsViewController.swift; sourceTree = "<group>"; };
		33FE368F2231E34100897E60 /* Color.swift */ = {isa = PBXFileReference; lastKnownFileType = sourcecode.swift; path = Color.swift; sourceTree = "<group>"; };
/* End PBXFileReference section */

/* Begin PBXFrameworksBuildPhase section */
		33FE36592231CF6E00897E60 /* Frameworks */ = {
			isa = PBXFrameworksBuildPhase;
			buildActionMask = 2147483647;
			files = (
			);
			runOnlyForDeploymentPostprocessing = 0;
		};
		33FE366D2231CF7100897E60 /* Frameworks */ = {
			isa = PBXFrameworksBuildPhase;
			buildActionMask = 2147483647;
			files = (
			);
			runOnlyForDeploymentPostprocessing = 0;
		};
		33FE36782231CF7100897E60 /* Frameworks */ = {
			isa = PBXFrameworksBuildPhase;
			buildActionMask = 2147483647;
			files = (
			);
			runOnlyForDeploymentPostprocessing = 0;
		};
/* End PBXFrameworksBuildPhase section */

/* Begin PBXGroup section */
		33FE36532231CF6E00897E60 = {
			isa = PBXGroup;
			children = (
				33FE365E2231CF6E00897E60 /* Colors */,
				33FE36732231CF7100897E60 /* ColorsTests */,
				33FE367E2231CF7100897E60 /* ColorsUITests */,
				33FE365D2231CF6E00897E60 /* Products */,
			);
			sourceTree = "<group>";
		};
		33FE365D2231CF6E00897E60 /* Products */ = {
			isa = PBXGroup;
			children = (
				33FE365C2231CF6E00897E60 /* Colors.app */,
				33FE36702231CF7100897E60 /* ColorsTests.xctest */,
				33FE367B2231CF7100897E60 /* ColorsUITests.xctest */,
			);
			name = Products;
			sourceTree = "<group>";
		};
		33FE365E2231CF6E00897E60 /* Colors */ = {
			isa = PBXGroup;
			children = (
				33FE365F2231CF6E00897E60 /* AppDelegate.swift */,
				33FE368D2231DA0F00897E60 /* ColorsViewController.swift */,
				33FE368F2231E34100897E60 /* Color.swift */,
				33FE36632231CF6E00897E60 /* Main.storyboard */,
				33FE36662231CF7000897E60 /* Assets.xcassets */,
				33FE36682231CF7000897E60 /* LaunchScreen.storyboard */,
				33FE366B2231CF7000897E60 /* Info.plist */,
			);
			path = Colors;
			sourceTree = "<group>";
		};
		33FE36732231CF7100897E60 /* ColorsTests */ = {
			isa = PBXGroup;
			children = (
				33FE36742231CF7100897E60 /* ColorsTests.swift */,
				33FE36762231CF7100897E60 /* Info.plist */,
			);
			path = ColorsTests;
			sourceTree = "<group>";
		};
		33FE367E2231CF7100897E60 /* ColorsUITests */ = {
			isa = PBXGroup;
			children = (
				33FE367F2231CF7100897E60 /* ColorsUITests.swift */,
				33FE36812231CF7100897E60 /* Info.plist */,
			);
			path = ColorsUITests;
			sourceTree = "<group>";
		};
/* End PBXGroup section */

/* Begin PBXNativeTarget section */
		33FE365B2231CF6E00897E60 /* Colors */ = {
			isa = PBXNativeTarget;
			buildConfigurationList = 33FE36842231CF7100897E60 /* Build configuration list for PBXNativeTarget "Colors" */;
			buildPhases = (
				33FE36582231CF6E00897E60 /* Sources */,
				33FE36592231CF6E00897E60 /* Frameworks */,
				33FE365A2231CF6E00897E60 /* Resources */,
			);
			buildRules = (
			);
			dependencies = (
			);
			name = Colors;
			productName = Colors;
			productReference = 33FE365C2231CF6E00897E60 /* Colors.app */;
			productType = "com.apple.product-type.application";
		};
		33FE366F2231CF7100897E60 /* ColorsTests */ = {
			isa = PBXNativeTarget;
			buildConfigurationList = 33FE36872231CF7100897E60 /* Build configuration list for PBXNativeTarget "ColorsTests" */;
			buildPhases = (
				33FE366C2231CF7100897E60 /* Sources */,
				33FE366D2231CF7100897E60 /* Frameworks */,
				33FE366E2231CF7100897E60 /* Resources */,
			);
			buildRules = (
			);
			dependencies = (
				33FE36722231CF7100897E60 /* PBXTargetDependency */,
			);
			name = ColorsTests;
			productName = ColorsTests;
			productReference = 33FE36702231CF7100897E60 /* ColorsTests.xctest */;
			productType = "com.apple.product-type.bundle.unit-test";
		};
		33FE367A2231CF7100897E60 /* ColorsUITests */ = {
			isa = PBXNativeTarget;
			buildConfigurationList = 33FE368A2231CF7100897E60 /* Build configuration list for PBXNativeTarget "ColorsUITests" */;
			buildPhases = (
				33FE36772231CF7100897E60 /* Sources */,
				33FE36782231CF7100897E60 /* Frameworks */,
				33FE36792231CF7100897E60 /* Resources */,
			);
			buildRules = (
			);
			dependencies = (
				33FE367D2231CF7100897E60 /* PBXTargetDependency */,
			);
			name = ColorsUITests;
			productName = ColorsUITests;
			productReference = 33FE367B2231CF7100897E60 /* ColorsUITests.xctest */;
			productType = "com.apple.product-type.bundle.ui-testing";
		};
/* End PBXNativeTarget section */

/* Begin PBXProject section */
		33FE36542231CF6E00897E60 /* Project object */ = {
			isa = PBXProject;
			attributes = {
				LastSwiftUpdateCheck = 1010;
				LastUpgradeCheck = 1010;
				ORGANIZATIONNAME = Park;
				TargetAttributes = {
					33FE365B2231CF6E00897E60 = {
						CreatedOnToolsVersion = 10.1;
					};
					33FE366F2231CF7100897E60 = {
						CreatedOnToolsVersion = 10.1;
						TestTargetID = 33FE365B2231CF6E00897E60;
					};
					33FE367A2231CF7100897E60 = {
						CreatedOnToolsVersion = 10.1;
						TestTargetID = 33FE365B2231CF6E00897E60;
					};
				};
			};
			buildConfigurationList = 33FE36572231CF6E00897E60 /* Build configuration list for PBXProject "Colors" */;
			compatibilityVersion = "Xcode 9.3";
			developmentRegion = en;
			hasScannedForEncodings = 0;
			knownRegions = (
				en,
				Base,
			);
			mainGroup = 33FE36532231CF6E00897E60;
			productRefGroup = 33FE365D2231CF6E00897E60 /* Products */;
			projectDirPath = "";
			projectRoot = "";
			targets = (
				33FE365B2231CF6E00897E60 /* Colors */,
				33FE366F2231CF7100897E60 /* ColorsTests */,
				33FE367A2231CF7100897E60 /* ColorsUITests */,
			);
		};
/* End PBXProject section */

/* Begin PBXResourcesBuildPhase section */
		33FE365A2231CF6E00897E60 /* Resources */ = {
			isa = PBXResourcesBuildPhase;
			buildActionMask = 2147483647;
			files = (
				33FE366A2231CF7000897E60 /* LaunchScreen.storyboard in Resources */,
				33FE36672231CF7000897E60 /* Assets.xcassets in Resources */,
				33FE36652231CF6E00897E60 /* Main.storyboard in Resources */,
			);
			runOnlyForDeploymentPostprocessing = 0;
		};
		33FE366E2231CF7100897E60 /* Resources */ = {
			isa = PBXResourcesBuildPhase;
			buildActionMask = 2147483647;
			files = (
			);
			runOnlyForDeploymentPostprocessing = 0;
		};
		33FE36792231CF7100897E60 /* Resources */ = {
			isa = PBXResourcesBuildPhase;
			buildActionMask = 2147483647;
			files = (
			);
			runOnlyForDeploymentPostprocessing = 0;
		};
/* End PBXResourcesBuildPhase section */

/* Begin PBXSourcesBuildPhase section */
		33FE36582231CF6E00897E60 /* Sources */ = {
			isa = PBXSourcesBuildPhase;
			buildActionMask = 2147483647;
			files = (
				33FE368E2231DA0F00897E60 /* ColorsViewController.swift in Sources */,
				33FE36602231CF6E00897E60 /* AppDelegate.swift in Sources */,
				33FE36902231E34100897E60 /* Color.swift in Sources */,
			);
			runOnlyForDeploymentPostprocessing = 0;
		};
		33FE366C2231CF7100897E60 /* Sources */ = {
			isa = PBXSourcesBuildPhase;
			buildActionMask = 2147483647;
			files = (
				33FE36752231CF7100897E60 /* ColorsTests.swift in Sources */,
			);
			runOnlyForDeploymentPostprocessing = 0;
		};
		33FE36772231CF7100897E60 /* Sources */ = {
			isa = PBXSourcesBuildPhase;
			buildActionMask = 2147483647;
			files = (
				33FE36802231CF7100897E60 /* ColorsUITests.swift in Sources */,
			);
			runOnlyForDeploymentPostprocessing = 0;
		};
/* End PBXSourcesBuildPhase section */

/* Begin PBXTargetDependency section */
		33FE36722231CF7100897E60 /* PBXTargetDependency */ = {
			isa = PBXTargetDependency;
			target = 33FE365B2231CF6E00897E60 /* Colors */;
			targetProxy = 33FE36712231CF7100897E60 /* PBXContainerItemProxy */;
		};
		33FE367D2231CF7100897E60 /* PBXTargetDependency */ = {
			isa = PBXTargetDependency;
			target = 33FE365B2231CF6E00897E60 /* Colors */;
			targetProxy = 33FE367C2231CF7100897E60 /* PBXContainerItemProxy */;
		};
/* End PBXTargetDependency section */

/* Begin PBXVariantGroup section */
		33FE36632231CF6E00897E60 /* Main.storyboard */ = {
			isa = PBXVariantGroup;
			children = (
				33FE36642231CF6E00897E60 /* Base */,
			);
			name = Main.storyboard;
			sourceTree = "<group>";
		};
		33FE36682231CF7000897E60 /* LaunchScreen.storyboard */ = {
			isa = PBXVariantGroup;
			children = (
				33FE36692231CF7000897E60 /* Base */,
			);
			name = LaunchScreen.storyboard;
			sourceTree = "<group>";
		};
/* End PBXVariantGroup section */

/* Begin XCBuildConfiguration section */
		33FE36822231CF7100897E60 /* Debug */ = {
			isa = XCBuildConfiguration;
			buildSettings = {
				ALWAYS_SEARCH_USER_PATHS = NO;
				CLANG_ANALYZER_NONNULL = YES;
				CLANG_ANALYZER_NUMBER_OBJECT_CONVERSION = YES_AGGRESSIVE;
				CLANG_CXX_LANGUAGE_STANDARD = "gnu++14";
				CLANG_CXX_LIBRARY = "libc++";
				CLANG_ENABLE_MODULES = YES;
				CLANG_ENABLE_OBJC_ARC = YES;
				CLANG_ENABLE_OBJC_WEAK = YES;
				CLANG_WARN_BLOCK_CAPTURE_AUTORELEASING = YES;
				CLANG_WARN_BOOL_CONVERSION = YES;
				CLANG_WARN_COMMA = YES;
				CLANG_WARN_CONSTANT_CONVERSION = YES;
				CLANG_WARN_DEPRECATED_OBJC_IMPLEMENTATIONS = YES;
				CLANG_WARN_DIRECT_OBJC_ISA_USAGE = YES_ERROR;
				CLANG_WARN_DOCUMENTATION_COMMENTS = YES;
				CLANG_WARN_EMPTY_BODY = YES;
				CLANG_WARN_ENUM_CONVERSION = YES;
				CLANG_WARN_INFINITE_RECURSION = YES;
				CLANG_WARN_INT_CONVERSION = YES;
				CLANG_WARN_NON_LITERAL_NULL_CONVERSION = YES;
				CLANG_WARN_OBJC_IMPLICIT_RETAIN_SELF = YES;
				CLANG_WARN_OBJC_LITERAL_CONVERSION = YES;
				CLANG_WARN_OBJC_ROOT_CLASS = YES_ERROR;
				CLANG_WARN_RANGE_LOOP_ANALYSIS = YES;
				CLANG_WARN_STRICT_PROTOTYPES = YES;
				CLANG_WARN_SUSPICIOUS_MOVE = YES;
				CLANG_WARN_UNGUARDED_AVAILABILITY = YES_AGGRESSIVE;
				CLANG_WARN_UNREACHABLE_CODE = YES;
				CLANG_WARN__DUPLICATE_METHOD_MATCH = YES;
				CODE_SIGN_IDENTITY = "iPhone Developer";
				COPY_PHASE_STRIP = NO;
				DEBUG_INFORMATION_FORMAT = dwarf;
				ENABLE_STRICT_OBJC_MSGSEND = YES;
				ENABLE_TESTABILITY = YES;
				GCC_C_LANGUAGE_STANDARD = gnu11;
				GCC_DYNAMIC_NO_PIC = NO;
				GCC_NO_COMMON_BLOCKS = YES;
				GCC_OPTIMIZATION_LEVEL = 0;
				GCC_PREPROCESSOR_DEFINITIONS = (
					"DEBUG=1",
					"$(inherited)",
				);
				GCC_WARN_64_TO_32_BIT_CONVERSION = YES;
				GCC_WARN_ABOUT_RETURN_TYPE = YES_ERROR;
				GCC_WARN_UNDECLARED_SELECTOR = YES;
				GCC_WARN_UNINITIALIZED_AUTOS = YES_AGGRESSIVE;
				GCC_WARN_UNUSED_FUNCTION = YES;
				GCC_WARN_UNUSED_VARIABLE = YES;
				IPHONEOS_DEPLOYMENT_TARGET = 12.1;
				MTL_ENABLE_DEBUG_INFO = INCLUDE_SOURCE;
				MTL_FAST_MATH = YES;
				ONLY_ACTIVE_ARCH = YES;
				SDKROOT = iphoneos;
				SWIFT_ACTIVE_COMPILATION_CONDITIONS = DEBUG;
				SWIFT_OPTIMIZATION_LEVEL = "-Onone";
			};
			name = Debug;
		};
		33FE36832231CF7100897E60 /* Release */ = {
			isa = XCBuildConfiguration;
			buildSettings = {
				ALWAYS_SEARCH_USER_PATHS = NO;
				CLANG_ANALYZER_NONNULL = YES;
				CLANG_ANALYZER_NUMBER_OBJECT_CONVERSION = YES_AGGRESSIVE;
				CLANG_CXX_LANGUAGE_STANDARD = "gnu++14";
				CLANG_CXX_LIBRARY = "libc++";
				CLANG_ENABLE_MODULES = YES;
				CLANG_ENABLE_OBJC_ARC = YES;
				CLANG_ENABLE_OBJC_WEAK = YES;
				CLANG_WARN_BLOCK_CAPTURE_AUTORELEASING = YES;
				CLANG_WARN_BOOL_CONVERSION = YES;
				CLANG_WARN_COMMA = YES;
				CLANG_WARN_CONSTANT_CONVERSION = YES;
				CLANG_WARN_DEPRECATED_OBJC_IMPLEMENTATIONS = YES;
				CLANG_WARN_DIRECT_OBJC_ISA_USAGE = YES_ERROR;
				CLANG_WARN_DOCUMENTATION_COMMENTS = YES;
				CLANG_WARN_EMPTY_BODY = YES;
				CLANG_WARN_ENUM_CONVERSION = YES;
				CLANG_WARN_INFINITE_RECURSION = YES;
				CLANG_WARN_INT_CONVERSION = YES;
				CLANG_WARN_NON_LITERAL_NULL_CONVERSION = YES;
				CLANG_WARN_OBJC_IMPLICIT_RETAIN_SELF = YES;
				CLANG_WARN_OBJC_LITERAL_CONVERSION = YES;
				CLANG_WARN_OBJC_ROOT_CLASS = YES_ERROR;
				CLANG_WARN_RANGE_LOOP_ANALYSIS = YES;
				CLANG_WARN_STRICT_PROTOTYPES = YES;
				CLANG_WARN_SUSPICIOUS_MOVE = YES;
				CLANG_WARN_UNGUARDED_AVAILABILITY = YES_AGGRESSIVE;
				CLANG_WARN_UNREACHABLE_CODE = YES;
				CLANG_WARN__DUPLICATE_METHOD_MATCH = YES;
				CODE_SIGN_IDENTITY = "iPhone Developer";
				COPY_PHASE_STRIP = NO;
				DEBUG_INFORMATION_FORMAT = "dwarf-with-dsym";
				ENABLE_NS_ASSERTIONS = NO;
				ENABLE_STRICT_OBJC_MSGSEND = YES;
				GCC_C_LANGUAGE_STANDARD = gnu11;
				GCC_NO_COMMON_BLOCKS = YES;
				GCC_WARN_64_TO_32_BIT_CONVERSION = YES;
				GCC_WARN_ABOUT_RETURN_TYPE = YES_ERROR;
				GCC_WARN_UNDECLARED_SELECTOR = YES;
				GCC_WARN_UNINITIALIZED_AUTOS = YES_AGGRESSIVE;
				GCC_WARN_UNUSED_FUNCTION = YES;
				GCC_WARN_UNUSED_VARIABLE = YES;
				IPHONEOS_DEPLOYMENT_TARGET = 12.1;
				MTL_ENABLE_DEBUG_INFO = NO;
				MTL_FAST_MATH = YES;
				SDKROOT = iphoneos;
				SWIFT_COMPILATION_MODE = wholemodule;
				SWIFT_OPTIMIZATION_LEVEL = "-O";
				VALIDATE_PRODUCT = YES;
			};
			name = Release;
		};
		33FE36852231CF7100897E60 /* Debug */ = {
			isa = XCBuildConfiguration;
			buildSettings = {
				ASSETCATALOG_COMPILER_APPICON_NAME = AppIcon;
				CODE_SIGN_STYLE = Automatic;
				DEVELOPMENT_TEAM = G8HRF6QEC9;
				INFOPLIST_FILE = Colors/Info.plist;
				LD_RUNPATH_SEARCH_PATHS = (
					"$(inherited)",
					"@executable_path/Frameworks",
				);
				PRODUCT_BUNDLE_IDENTIFIER = online.park.Colors;
				PRODUCT_NAME = "$(TARGET_NAME)";
				SWIFT_VERSION = 4.2;
				TARGETED_DEVICE_FAMILY = "1,2";
			};
			name = Debug;
		};
		33FE36862231CF7100897E60 /* Release */ = {
			isa = XCBuildConfiguration;
			buildSettings = {
				ASSETCATALOG_COMPILER_APPICON_NAME = AppIcon;
				CODE_SIGN_STYLE = Automatic;
				DEVELOPMENT_TEAM = G8HRF6QEC9;
				INFOPLIST_FILE = Colors/Info.plist;
				LD_RUNPATH_SEARCH_PATHS = (
					"$(inherited)",
					"@executable_path/Frameworks",
				);
				PRODUCT_BUNDLE_IDENTIFIER = online.park.Colors;
				PRODUCT_NAME = "$(TARGET_NAME)";
				SWIFT_VERSION = 4.2;
				TARGETED_DEVICE_FAMILY = "1,2";
			};
			name = Release;
		};
		33FE36882231CF7100897E60 /* Debug */ = {
			isa = XCBuildConfiguration;
			buildSettings = {
				ALWAYS_EMBED_SWIFT_STANDARD_LIBRARIES = YES;
				BUNDLE_LOADER = "$(TEST_HOST)";
				CODE_SIGN_STYLE = Automatic;
				DEVELOPMENT_TEAM = G8HRF6QEC9;
				INFOPLIST_FILE = ColorsTests/Info.plist;
				LD_RUNPATH_SEARCH_PATHS = (
					"$(inherited)",
					"@executable_path/Frameworks",
					"@loader_path/Frameworks",
				);
				PRODUCT_BUNDLE_IDENTIFIER = online.park.ColorsTests;
				PRODUCT_NAME = "$(TARGET_NAME)";
				SWIFT_VERSION = 4.2;
				TARGETED_DEVICE_FAMILY = "1,2";
				TEST_HOST = "$(BUILT_PRODUCTS_DIR)/Colors.app/Colors";
			};
			name = Debug;
		};
		33FE36892231CF7100897E60 /* Release */ = {
			isa = XCBuildConfiguration;
			buildSettings = {
				ALWAYS_EMBED_SWIFT_STANDARD_LIBRARIES = YES;
				BUNDLE_LOADER = "$(TEST_HOST)";
				CODE_SIGN_STYLE = Automatic;
				DEVELOPMENT_TEAM = G8HRF6QEC9;
				INFOPLIST_FILE = ColorsTests/Info.plist;
				LD_RUNPATH_SEARCH_PATHS = (
					"$(inherited)",
					"@executable_path/Frameworks",
					"@loader_path/Frameworks",
				);
				PRODUCT_BUNDLE_IDENTIFIER = online.park.ColorsTests;
				PRODUCT_NAME = "$(TARGET_NAME)";
				SWIFT_VERSION = 4.2;
				TARGETED_DEVICE_FAMILY = "1,2";
				TEST_HOST = "$(BUILT_PRODUCTS_DIR)/Colors.app/Colors";
			};
			name = Release;
		};
		33FE368B2231CF7100897E60 /* Debug */ = {
			isa = XCBuildConfiguration;
			buildSettings = {
				ALWAYS_EMBED_SWIFT_STANDARD_LIBRARIES = YES;
				CODE_SIGN_STYLE = Automatic;
				DEVELOPMENT_TEAM = G8HRF6QEC9;
				INFOPLIST_FILE = ColorsUITests/Info.plist;
				LD_RUNPATH_SEARCH_PATHS = (
					"$(inherited)",
					"@executable_path/Frameworks",
					"@loader_path/Frameworks",
				);
				PRODUCT_BUNDLE_IDENTIFIER = online.park.ColorsUITests;
				PRODUCT_NAME = "$(TARGET_NAME)";
				SWIFT_VERSION = 4.2;
				TARGETED_DEVICE_FAMILY = "1,2";
				TEST_TARGET_NAME = Colors;
			};
			name = Debug;
		};
		33FE368C2231CF7100897E60 /* Release */ = {
			isa = XCBuildConfiguration;
			buildSettings = {
				ALWAYS_EMBED_SWIFT_STANDARD_LIBRARIES = YES;
				CODE_SIGN_STYLE = Automatic;
				DEVELOPMENT_TEAM = G8HRF6QEC9;
				INFOPLIST_FILE = ColorsUITests/Info.plist;
				LD_RUNPATH_SEARCH_PATHS = (
					"$(inherited)",
					"@executable_path/Frameworks",
					"@loader_path/Frameworks",
				);
				PRODUCT_BUNDLE_IDENTIFIER = online.park.ColorsUITests;
				PRODUCT_NAME = "$(TARGET_NAME)";
				SWIFT_VERSION = 4.2;
				TARGETED_DEVICE_FAMILY = "1,2";
				TEST_TARGET_NAME = Colors;
			};
			name = Release;
		};
/* End XCBuildConfiguration section */

/* Begin XCConfigurationList section */
		33FE36572231CF6E00897E60 /* Build configuration list for PBXProject "Colors" */ = {
			isa = XCConfigurationList;
			buildConfigurations = (
				33FE36822231CF7100897E60 /* Debug */,
				33FE36832231CF7100897E60 /* Release */,
			);
			defaultConfigurationIsVisible = 0;
			defaultConfigurationName = Release;
		};
		33FE36842231CF7100897E60 /* Build configuration list for PBXNativeTarget "Colors" */ = {
			isa = XCConfigurationList;
			buildConfigurations = (
				33FE36852231CF7100897E60 /* Debug */,
				33FE36862231CF7100897E60 /* Release */,
			);
			defaultConfigurationIsVisible = 0;
			defaultConfigurationName = Release;
		};
		33FE36872231CF7100897E60 /* Build configuration list for PBXNativeTarget "ColorsTests" */ = {
			isa = XCConfigurationList;
			buildConfigurations = (
				33FE36882231CF7100897E60 /* Debug */,
				33FE36892231CF7100897E60 /* Release */,
			);
			defaultConfigurationIsVisible = 0;
			defaultConfigurationName = Release;
		};
		33FE368A2231CF7100897E60 /* Build configuration list for PBXNativeTarget "ColorsUITests" */ = {
			isa = XCConfigurationList;
			buildConfigurations = (
				33FE368B2231CF7100897E60 /* Debug */,
				33FE368C2231CF7100897E60 /* Release */,
			);
			defaultConfigurationIsVisible = 0;
			defaultConfigurationName = Release;
		};
/* End XCConfigurationList section */
	};
	rootObject = 33FE36542231CF6E00897E60 /* Project object */;
}
